
Microsoft Visual Studio Solution File, Format Version 12.00
# Visual Studio 15
Project("{FAE04EC0-301F-11D3-BF4B-00C04F79EFBC}") = "DeviceWifiToMosquitto", "DeviceWifiToMosquitto\DeviceWifiToMosquitto.csproj", "{851935B7-D0C7-479C-8D61-F8698847A424}"
EndProject
Project("{FAE04EC0-301F-11D3-BF4B-00C04F79EFBC}") = "DeviceWifiToMosquitto.Tests", "DeviceWifiToMosquitto.Tests\DeviceWifiToMosquitto.Tests.csproj", "{5E1F0AD5-843B-489F-A246-AB53228B6791}"
EndProject
Global
	GlobalSection(SolutionConfigurationPlatforms) = preSolution
		Debug|Any CPU = Debug|Any CPU
		Release|Any CPU = Release|Any CPU
	EndGlobalSection
	GlobalSection(ProjectConfigurationPlatforms) = postSolution
		{851935B7-D0C7-479C-8D61-F8698847A424}.Debug|Any CPU.ActiveCfg = Debug|Any CPU
		{851935B7-D0C7-479C-8D61-F8698847A424}.Debug|Any CPU.Build.0 = Debug|Any CPU
		{851935B7-D0C7-479C-8D61-F8698847A424}.Release|Any CPU.ActiveCfg = Release|Any CPU
		{851935B7-D0C7-479C-8D61-F8698847A424}.Release|Any CPU.Build.0 = Release|Any CPU
		{5E1F0AD5-843B-489F-A246-AB53228B6791}.Debug|Any CPU.ActiveCfg = Debug|Any CPU
		{5E1F0AD5-843B-489F-A246-AB53228B6791}.Debug|Any CPU.Build.0 = Debug|Any CPU
		{5E1F0AD5-843B-489F-A246-AB53228B6791}.Release|Any CPU.ActiveCfg = Release|Any CPU
		{5E1F0AD5-843B-489F-A246-AB53228B6791}.Release|Any CPU.Build.0 = Release|Any CPU
	EndGlobalSection
EndGlobal
