
Microsoft Visual Studio Solution File, Format Version 12.00
# Visual Studio Version 16
VisualStudioVersion = 16.0.808.0
MinimumVisualStudioVersion = 10.0.40219.1
Project("{FAE04EC0-301F-11D3-BF4B-00C04F79EFBC}") = "MqttToSparkPlug", "MqttToSparkPlug\MqttToSparkPlug.csproj", "{8D4C9DF2-8171-496A-B588-296F2C3324EC}"
EndProject
Project("{FAE04EC0-301F-11D3-BF4B-00C04F79EFBC}") = "MqttToSparkPlug.Tests", "MqttToSparkPlug.Tests\MqttToSparkPlug.Tests.csproj", "{7BD7DE79-E80D-4B2D-B06E-0E457BF11F50}"
EndProject
Project("{FAE04EC0-301F-11D3-BF4B-00C04F79EFBC}") = "MqttToSparkPlug.IntegrationTests", "MqttToSparkPlug.IntegrationTests\MqttToSparkPlug.IntegrationTests.csproj", "{046B6414-FBE6-4A94-84BE-82AF048000B0}"
EndProject
Global
	GlobalSection(SolutionConfigurationPlatforms) = preSolution
		Debug|Any CPU = Debug|Any CPU
		Release|Any CPU = Release|Any CPU
	EndGlobalSection
	GlobalSection(ProjectConfigurationPlatforms) = postSolution
		{8D4C9DF2-8171-496A-B588-296F2C3324EC}.Debug|Any CPU.ActiveCfg = Debug|Any CPU
		{8D4C9DF2-8171-496A-B588-296F2C3324EC}.Debug|Any CPU.Build.0 = Debug|Any CPU
		{8D4C9DF2-8171-496A-B588-296F2C3324EC}.Release|Any CPU.ActiveCfg = Release|Any CPU
		{8D4C9DF2-8171-496A-B588-296F2C3324EC}.Release|Any CPU.Build.0 = Release|Any CPU
		{7BD7DE79-E80D-4B2D-B06E-0E457BF11F50}.Debug|Any CPU.ActiveCfg = Debug|Any CPU
		{7BD7DE79-E80D-4B2D-B06E-0E457BF11F50}.Debug|Any CPU.Build.0 = Debug|Any CPU
		{7BD7DE79-E80D-4B2D-B06E-0E457BF11F50}.Release|Any CPU.ActiveCfg = Release|Any CPU
		{7BD7DE79-E80D-4B2D-B06E-0E457BF11F50}.Release|Any CPU.Build.0 = Release|Any CPU
		{046B6414-FBE6-4A94-84BE-82AF048000B0}.Debug|Any CPU.ActiveCfg = Debug|Any CPU
		{046B6414-FBE6-4A94-84BE-82AF048000B0}.Debug|Any CPU.Build.0 = Debug|Any CPU
		{046B6414-FBE6-4A94-84BE-82AF048000B0}.Release|Any CPU.ActiveCfg = Release|Any CPU
		{046B6414-FBE6-4A94-84BE-82AF048000B0}.Release|Any CPU.Build.0 = Release|Any CPU
	EndGlobalSection
	GlobalSection(SolutionProperties) = preSolution
		HideSolutionNode = FALSE
	EndGlobalSection
	GlobalSection(ExtensibilityGlobals) = postSolution
		SolutionGuid = {1279841C-5163-4C63-8FE3-698AE61A0202}
	EndGlobalSection
EndGlobal
